
Microsoft Visual Studio Solution File, Format Version 12.00
# Visual Studio Version 17
VisualStudioVersion = 17.4.33205.214
MinimumVisualStudioVersion = 10.0.40219.1
Project("{9A19103F-16F7-4668-BE54-9A1E7A4F7556}") = "Kitsune.GitBuildInfo.SourceGenerator", "src\GitBuildInfo.SourceGenerator\Kitsune.GitBuildInfo.SourceGenerator.csproj", "{D769E982-58EE-436B-B2A8-C35D4D55BA8D}"
EndProject
Project("{2150E333-8FDC-42A3-9474-1A3956D46DE8}") = "src", "src", "{99761A41-8AED-49B5-AF0F-CF6CCAE482E8}"
EndProject
Project("{2150E333-8FDC-42A3-9474-1A3956D46DE8}") = "tests", "tests", "{B84AD34C-E5C4-418F-A58A-195C9F89A961}"
EndProject
Project("{9A19103F-16F7-4668-BE54-9A1E7A4F7556}") = "GitBuildInfo.SourceGenerator.Tests", "tests\GitBuildInfo.SourceGenerator.Tests.csproj", "{5A9FCC65-752B-499B-A86B-ABCC6F4666D9}"
EndProject
Project("{2150E333-8FDC-42A3-9474-1A3956D46DE8}") = "Solution Items", "Solution Items", "{1239CD11-9090-491D-839C-D6FCF92AE902}"
EndProject
Project("{2150E333-8FDC-42A3-9474-1A3956D46DE8}") = "build", "build", "{0602BC92-8E95-4042-9A52-44B40987A978}"
	ProjectSection(SolutionItems) = preProject
		build\Kitsune.GitBuildInfo.SourceGenerator.props = build\Kitsune.GitBuildInfo.SourceGenerator.props
		build\Kitsune.GitBuildInfo.SourceGenerator.targets = build\Kitsune.GitBuildInfo.SourceGenerator.targets
	EndProjectSection
EndProject
Global
	GlobalSection(SolutionConfigurationPlatforms) = preSolution
		Debug|Any CPU = Debug|Any CPU
		Debug|x64 = Debug|x64
		Debug|x86 = Debug|x86
		Release|Any CPU = Release|Any CPU
		Release|x64 = Release|x64
		Release|x86 = Release|x86
	EndGlobalSection
	GlobalSection(ProjectConfigurationPlatforms) = postSolution
		{D769E982-58EE-436B-B2A8-C35D4D55BA8D}.Debug|Any CPU.ActiveCfg = Debug|Any CPU
		{D769E982-58EE-436B-B2A8-C35D4D55BA8D}.Debug|Any CPU.Build.0 = Debug|Any CPU
		{D769E982-58EE-436B-B2A8-C35D4D55BA8D}.Debug|x64.ActiveCfg = Debug|Any CPU
		{D769E982-58EE-436B-B2A8-C35D4D55BA8D}.Debug|x64.Build.0 = Debug|Any CPU
		{D769E982-58EE-436B-B2A8-C35D4D55BA8D}.Debug|x86.ActiveCfg = Debug|Any CPU
		{D769E982-58EE-436B-B2A8-C35D4D55BA8D}.Debug|x86.Build.0 = Debug|Any CPU
		{D769E982-58EE-436B-B2A8-C35D4D55BA8D}.Release|Any CPU.ActiveCfg = Release|Any CPU
		{D769E982-58EE-436B-B2A8-C35D4D55BA8D}.Release|Any CPU.Build.0 = Release|Any CPU
		{D769E982-58EE-436B-B2A8-C35D4D55BA8D}.Release|x64.ActiveCfg = Release|Any CPU
		{D769E982-58EE-436B-B2A8-C35D4D55BA8D}.Release|x64.Build.0 = Release|Any CPU
		{D769E982-58EE-436B-B2A8-C35D4D55BA8D}.Release|x86.ActiveCfg = Release|Any CPU
		{D769E982-58EE-436B-B2A8-C35D4D55BA8D}.Release|x86.Build.0 = Release|Any CPU
		{5A9FCC65-752B-499B-A86B-ABCC6F4666D9}.Debug|Any CPU.ActiveCfg = Debug|Any CPU
		{5A9FCC65-752B-499B-A86B-ABCC6F4666D9}.Debug|Any CPU.Build.0 = Debug|Any CPU
		{5A9FCC65-752B-499B-A86B-ABCC6F4666D9}.Debug|x64.ActiveCfg = Debug|Any CPU
		{5A9FCC65-752B-499B-A86B-ABCC6F4666D9}.Debug|x64.Build.0 = Debug|Any CPU
		{5A9FCC65-752B-499B-A86B-ABCC6F4666D9}.Debug|x86.ActiveCfg = Debug|Any CPU
		{5A9FCC65-752B-499B-A86B-ABCC6F4666D9}.Debug|x86.Build.0 = Debug|Any CPU
		{5A9FCC65-752B-499B-A86B-ABCC6F4666D9}.Release|Any CPU.ActiveCfg = Release|Any CPU
		{5A9FCC65-752B-499B-A86B-ABCC6F4666D9}.Release|Any CPU.Build.0 = Release|Any CPU
		{5A9FCC65-752B-499B-A86B-ABCC6F4666D9}.Release|x64.ActiveCfg = Release|Any CPU
		{5A9FCC65-752B-499B-A86B-ABCC6F4666D9}.Release|x64.Build.0 = Release|Any CPU
		{5A9FCC65-752B-499B-A86B-ABCC6F4666D9}.Release|x86.ActiveCfg = Release|Any CPU
		{5A9FCC65-752B-499B-A86B-ABCC6F4666D9}.Release|x86.Build.0 = Release|Any CPU
	EndGlobalSection
	GlobalSection(SolutionProperties) = preSolution
		HideSolutionNode = FALSE
	EndGlobalSection
	GlobalSection(NestedProjects) = preSolution
		{D769E982-58EE-436B-B2A8-C35D4D55BA8D} = {99761A41-8AED-49B5-AF0F-CF6CCAE482E8}
		{5A9FCC65-752B-499B-A86B-ABCC6F4666D9} = {B84AD34C-E5C4-418F-A58A-195C9F89A961}
		{0602BC92-8E95-4042-9A52-44B40987A978} = {1239CD11-9090-491D-839C-D6FCF92AE902}
	EndGlobalSection
	GlobalSection(ExtensibilityGlobals) = postSolution
		SolutionGuid = {20C00D84-9509-44BD-8D03-C0BA0051A635}
	EndGlobalSection
EndGlobal
